
Microsoft Visual Studio Solution File, Format Version 12.00
# Visual Studio Version 16
VisualStudioVersion = 16.0.32106.194
MinimumVisualStudioVersion = 10.0.40219.1
Project("{FAE04EC0-301F-11D3-BF4B-00C04F79EFBC}") = "Udemy_Console", "Udemy_Console.csproj", "{1F5A1011-BF3D-44EF-9405-426E93708757}"
EndProject
Global
	GlobalSection(SolutionConfigurationPlatforms) = preSolution
		Debug|Any CPU = Debug|Any CPU
		Release|Any CPU = Release|Any CPU
	EndGlobalSection
	GlobalSection(ProjectConfigurationPlatforms) = postSolution
		{1F5A1011-BF3D-44EF-9405-426E93708757}.Debug|Any CPU.ActiveCfg = Debug|Any CPU
		{1F5A1011-BF3D-44EF-9405-426E93708757}.Debug|Any CPU.Build.0 = Debug|Any CPU
		{1F5A1011-BF3D-44EF-9405-426E93708757}.Release|Any CPU.ActiveCfg = Release|Any CPU
		{1F5A1011-BF3D-44EF-9405-426E93708757}.Release|Any CPU.Build.0 = Release|Any CPU
	EndGlobalSection
	GlobalSection(SolutionProperties) = preSolution
		HideSolutionNode = FALSE
	EndGlobalSection
	GlobalSection(ExtensibilityGlobals) = postSolution
		SolutionGuid = {F7F12233-A8EB-4CB9-8FF7-3CFE4F58E672}
	EndGlobalSection
EndGlobal
