
Microsoft Visual Studio Solution File, Format Version 12.00
# Visual Studio Version 16
VisualStudioVersion = 16.0.32106.194
MinimumVisualStudioVersion = 10.0.40219.1
Project("{FAE04EC0-301F-11D3-BF4B-00C04F79EFBC}") = "Udemy_Console", "Udemy_Console.csproj", "{1F5A1011-BF3D-44EF-9405-426E93708757}"
EndProject
Project("{2150E333-8FDC-42A3-9474-1A3956D46DE8}") = "1 - Apresentacao", "1 - Apresentacao", "{51EBFB8E-399B-4770-A5F8-0C72B5A69392}"
EndProject
Project("{2150E333-8FDC-42A3-9474-1A3956D46DE8}") = "2 - Servico", "2 - Servico", "{D899DA50-69BF-418E-AC84-219A0D8AC3A8}"
EndProject
Project("{2150E333-8FDC-42A3-9474-1A3956D46DE8}") = "3 - Aplicacao", "3 - Aplicacao", "{D7C18FC0-27BD-453F-B2C2-544EB2620CAC}"
EndProject
Project("{2150E333-8FDC-42A3-9474-1A3956D46DE8}") = "4 - Dominio", "4 - Dominio", "{A46DA92B-7A92-44F7-8428-6E2C36934731}"
EndProject
Project("{2150E333-8FDC-42A3-9474-1A3956D46DE8}") = "5 - Infra", "5 - Infra", "{433CBE8E-BC9B-4BF4-BB50-C2385BBAB56A}"
EndProject
Project("{2150E333-8FDC-42A3-9474-1A3956D46DE8}") = "5.1 - Data", "5.1 - Data", "{BE2C4918-8D88-4677-B902-4A386E838404}"
EndProject
Project("{2150E333-8FDC-42A3-9474-1A3956D46DE8}") = "5.2 - CrossCutting", "5.2 - CrossCutting", "{EDB65D8A-E0E1-4108-9E46-DF75E14D0184}"
EndProject
Project("{FAE04EC0-301F-11D3-BF4B-00C04F79EFBC}") = "Aplicacao", "..\Aplicacao\Aplicacao.csproj", "{D736974E-ED45-4B15-BD45-763E644DE668}"
EndProject
Project("{FAE04EC0-301F-11D3-BF4B-00C04F79EFBC}") = "Dominio", "..\Dominio\Dominio.csproj", "{3C7A4FA1-BD65-471F-A2C2-58CBB946A4EE}"
EndProject
Project("{FAE04EC0-301F-11D3-BF4B-00C04F79EFBC}") = "Mongo", "..\Mongo\Mongo.csproj", "{BDDF7C00-8096-40C4-AC73-14E085C637CE}"
EndProject
Project("{FAE04EC0-301F-11D3-BF4B-00C04F79EFBC}") = "SqlServer.Dapper", "..\SqlServer.Dapper\SqlServer.Dapper.csproj", "{C350DDDC-8275-4095-B1FB-4C3A42D92917}"
EndProject
Project("{FAE04EC0-301F-11D3-BF4B-00C04F79EFBC}") = "SqlServer.EFCore", "..\SqlServer.EFCore\SqlServer.EFCore.csproj", "{6486F1C8-03F7-4A5F-B818-225041BB93A1}"
EndProject
Project("{FAE04EC0-301F-11D3-BF4B-00C04F79EFBC}") = "Ioc", "..\Ioc\Ioc.csproj", "{D2760710-F03B-4C33-8C28-9B328C1C99C3}"
EndProject
Project("{FAE04EC0-301F-11D3-BF4B-00C04F79EFBC}") = "Servico", "..\Servico\Servico.csproj", "{8A54BC81-C9D3-466A-899C-D13FE607C81A}"
EndProject
Global
	GlobalSection(SolutionConfigurationPlatforms) = preSolution
		Debug|Any CPU = Debug|Any CPU
		Release|Any CPU = Release|Any CPU
	EndGlobalSection
	GlobalSection(ProjectConfigurationPlatforms) = postSolution
		{1F5A1011-BF3D-44EF-9405-426E93708757}.Debug|Any CPU.ActiveCfg = Debug|Any CPU
		{1F5A1011-BF3D-44EF-9405-426E93708757}.Debug|Any CPU.Build.0 = Debug|Any CPU
		{1F5A1011-BF3D-44EF-9405-426E93708757}.Release|Any CPU.ActiveCfg = Release|Any CPU
		{1F5A1011-BF3D-44EF-9405-426E93708757}.Release|Any CPU.Build.0 = Release|Any CPU
		{D736974E-ED45-4B15-BD45-763E644DE668}.Debug|Any CPU.ActiveCfg = Debug|Any CPU
		{D736974E-ED45-4B15-BD45-763E644DE668}.Debug|Any CPU.Build.0 = Debug|Any CPU
		{D736974E-ED45-4B15-BD45-763E644DE668}.Release|Any CPU.ActiveCfg = Release|Any CPU
		{D736974E-ED45-4B15-BD45-763E644DE668}.Release|Any CPU.Build.0 = Release|Any CPU
		{3C7A4FA1-BD65-471F-A2C2-58CBB946A4EE}.Debug|Any CPU.ActiveCfg = Debug|Any CPU
		{3C7A4FA1-BD65-471F-A2C2-58CBB946A4EE}.Debug|Any CPU.Build.0 = Debug|Any CPU
		{3C7A4FA1-BD65-471F-A2C2-58CBB946A4EE}.Release|Any CPU.ActiveCfg = Release|Any CPU
		{3C7A4FA1-BD65-471F-A2C2-58CBB946A4EE}.Release|Any CPU.Build.0 = Release|Any CPU
		{BDDF7C00-8096-40C4-AC73-14E085C637CE}.Debug|Any CPU.ActiveCfg = Debug|Any CPU
		{BDDF7C00-8096-40C4-AC73-14E085C637CE}.Debug|Any CPU.Build.0 = Debug|Any CPU
		{BDDF7C00-8096-40C4-AC73-14E085C637CE}.Release|Any CPU.ActiveCfg = Release|Any CPU
		{BDDF7C00-8096-40C4-AC73-14E085C637CE}.Release|Any CPU.Build.0 = Release|Any CPU
		{C350DDDC-8275-4095-B1FB-4C3A42D92917}.Debug|Any CPU.ActiveCfg = Debug|Any CPU
		{C350DDDC-8275-4095-B1FB-4C3A42D92917}.Debug|Any CPU.Build.0 = Debug|Any CPU
		{C350DDDC-8275-4095-B1FB-4C3A42D92917}.Release|Any CPU.ActiveCfg = Release|Any CPU
		{C350DDDC-8275-4095-B1FB-4C3A42D92917}.Release|Any CPU.Build.0 = Release|Any CPU
		{6486F1C8-03F7-4A5F-B818-225041BB93A1}.Debug|Any CPU.ActiveCfg = Debug|Any CPU
		{6486F1C8-03F7-4A5F-B818-225041BB93A1}.Debug|Any CPU.Build.0 = Debug|Any CPU
		{6486F1C8-03F7-4A5F-B818-225041BB93A1}.Release|Any CPU.ActiveCfg = Release|Any CPU
		{6486F1C8-03F7-4A5F-B818-225041BB93A1}.Release|Any CPU.Build.0 = Release|Any CPU
		{D2760710-F03B-4C33-8C28-9B328C1C99C3}.Debug|Any CPU.ActiveCfg = Debug|Any CPU
		{D2760710-F03B-4C33-8C28-9B328C1C99C3}.Debug|Any CPU.Build.0 = Debug|Any CPU
		{D2760710-F03B-4C33-8C28-9B328C1C99C3}.Release|Any CPU.ActiveCfg = Release|Any CPU
		{D2760710-F03B-4C33-8C28-9B328C1C99C3}.Release|Any CPU.Build.0 = Release|Any CPU
		{8A54BC81-C9D3-466A-899C-D13FE607C81A}.Debug|Any CPU.ActiveCfg = Debug|Any CPU
		{8A54BC81-C9D3-466A-899C-D13FE607C81A}.Debug|Any CPU.Build.0 = Debug|Any CPU
		{8A54BC81-C9D3-466A-899C-D13FE607C81A}.Release|Any CPU.ActiveCfg = Release|Any CPU
		{8A54BC81-C9D3-466A-899C-D13FE607C81A}.Release|Any CPU.Build.0 = Release|Any CPU
	EndGlobalSection
	GlobalSection(SolutionProperties) = preSolution
		HideSolutionNode = FALSE
	EndGlobalSection
	GlobalSection(NestedProjects) = preSolution
		{BE2C4918-8D88-4677-B902-4A386E838404} = {433CBE8E-BC9B-4BF4-BB50-C2385BBAB56A}
		{EDB65D8A-E0E1-4108-9E46-DF75E14D0184} = {433CBE8E-BC9B-4BF4-BB50-C2385BBAB56A}
		{D736974E-ED45-4B15-BD45-763E644DE668} = {D7C18FC0-27BD-453F-B2C2-544EB2620CAC}
		{3C7A4FA1-BD65-471F-A2C2-58CBB946A4EE} = {A46DA92B-7A92-44F7-8428-6E2C36934731}
		{BDDF7C00-8096-40C4-AC73-14E085C637CE} = {BE2C4918-8D88-4677-B902-4A386E838404}
		{C350DDDC-8275-4095-B1FB-4C3A42D92917} = {BE2C4918-8D88-4677-B902-4A386E838404}
		{6486F1C8-03F7-4A5F-B818-225041BB93A1} = {BE2C4918-8D88-4677-B902-4A386E838404}
		{D2760710-F03B-4C33-8C28-9B328C1C99C3} = {EDB65D8A-E0E1-4108-9E46-DF75E14D0184}
		{8A54BC81-C9D3-466A-899C-D13FE607C81A} = {D899DA50-69BF-418E-AC84-219A0D8AC3A8}
	EndGlobalSection
	GlobalSection(ExtensibilityGlobals) = postSolution
		SolutionGuid = {F7F12233-A8EB-4CB9-8FF7-3CFE4F58E672}
	EndGlobalSection
EndGlobal
